
Microsoft Visual Studio Solution File, Format Version 12.00
# Visual Studio Version 16
VisualStudioVersion = 16.0.33529.622
MinimumVisualStudioVersion = 10.0.40219.1
Project("{8BC9CEB8-8B4A-11D0-8D11-00A0C91BC942}") = "LAB4", "LAB4.vcxproj", "{87FF16C5-4EA7-46CC-9CB2-91E2A3D09218}"
EndProject
Global
	GlobalSection(SolutionConfigurationPlatforms) = preSolution
		Debug|x64 = Debug|x64
		Debug|x86 = Debug|x86
		Release|x64 = Release|x64
		Release|x86 = Release|x86
	EndGlobalSection
	GlobalSection(ProjectConfigurationPlatforms) = postSolution
		{87FF16C5-4EA7-46CC-9CB2-91E2A3D09218}.Debug|x64.ActiveCfg = Debug|x64
		{87FF16C5-4EA7-46CC-9CB2-91E2A3D09218}.Debug|x64.Build.0 = Debug|x64
		{87FF16C5-4EA7-46CC-9CB2-91E2A3D09218}.Debug|x86.ActiveCfg = Debug|Win32
		{87FF16C5-4EA7-46CC-9CB2-91E2A3D09218}.Debug|x86.Build.0 = Debug|Win32
		{87FF16C5-4EA7-46CC-9CB2-91E2A3D09218}.Release|x64.ActiveCfg = Release|x64
		{87FF16C5-4EA7-46CC-9CB2-91E2A3D09218}.Release|x64.Build.0 = Release|x64
		{87FF16C5-4EA7-46CC-9CB2-91E2A3D09218}.Release|x86.ActiveCfg = Release|Win32
		{87FF16C5-4EA7-46CC-9CB2-91E2A3D09218}.Release|x86.Build.0 = Release|Win32
	EndGlobalSection
	GlobalSection(SolutionProperties) = preSolution
		HideSolutionNode = FALSE
	EndGlobalSection
	GlobalSection(ExtensibilityGlobals) = postSolution
		SolutionGuid = {183C0DC5-36C3-40EF-BD96-1D781C2A6349}
	EndGlobalSection
EndGlobal
