
Microsoft Visual Studio Solution File, Format Version 12.00
# Visual Studio Version 16
VisualStudioVersion = 16.0.33529.622
MinimumVisualStudioVersion = 10.0.40219.1
Project("{8BC9CEB8-8B4A-11D0-8D11-00A0C91BC942}") = "LAB5", "LAB5.vcxproj", "{88B94071-D48F-430E-A1DC-D83D7E052087}"
EndProject
Global
	GlobalSection(SolutionConfigurationPlatforms) = preSolution
		Debug|x64 = Debug|x64
		Debug|x86 = Debug|x86
		Release|x64 = Release|x64
		Release|x86 = Release|x86
	EndGlobalSection
	GlobalSection(ProjectConfigurationPlatforms) = postSolution
		{88B94071-D48F-430E-A1DC-D83D7E052087}.Debug|x64.ActiveCfg = Debug|x64
		{88B94071-D48F-430E-A1DC-D83D7E052087}.Debug|x64.Build.0 = Debug|x64
		{88B94071-D48F-430E-A1DC-D83D7E052087}.Debug|x86.ActiveCfg = Debug|Win32
		{88B94071-D48F-430E-A1DC-D83D7E052087}.Debug|x86.Build.0 = Debug|Win32
		{88B94071-D48F-430E-A1DC-D83D7E052087}.Release|x64.ActiveCfg = Release|x64
		{88B94071-D48F-430E-A1DC-D83D7E052087}.Release|x64.Build.0 = Release|x64
		{88B94071-D48F-430E-A1DC-D83D7E052087}.Release|x86.ActiveCfg = Release|Win32
		{88B94071-D48F-430E-A1DC-D83D7E052087}.Release|x86.Build.0 = Release|Win32
	EndGlobalSection
	GlobalSection(SolutionProperties) = preSolution
		HideSolutionNode = FALSE
	EndGlobalSection
	GlobalSection(ExtensibilityGlobals) = postSolution
		SolutionGuid = {2B85ED9B-0DE0-4CD9-B667-7147F7592DAD}
	EndGlobalSection
EndGlobal
